
Microsoft Visual Studio Solution File, Format Version 12.00
Project("{FAE04EC0-301F-11D3-BF4B-00C04F79EFBC}") = "LoanSummarizer", "LoanSummarizer\LoanSummarizer.csproj", "{A90C2022-973E-430B-B80A-41195EB50DE0}"
EndProject
Global
	GlobalSection(SolutionConfigurationPlatforms) = preSolution
		Debug|Any CPU = Debug|Any CPU
		Release|Any CPU = Release|Any CPU
	EndGlobalSection
	GlobalSection(ProjectConfigurationPlatforms) = postSolution
		{A90C2022-973E-430B-B80A-41195EB50DE0}.Debug|Any CPU.ActiveCfg = Debug|Any CPU
		{A90C2022-973E-430B-B80A-41195EB50DE0}.Debug|Any CPU.Build.0 = Debug|Any CPU
		{A90C2022-973E-430B-B80A-41195EB50DE0}.Release|Any CPU.ActiveCfg = Release|Any CPU
		{A90C2022-973E-430B-B80A-41195EB50DE0}.Release|Any CPU.Build.0 = Release|Any CPU
	EndGlobalSection
EndGlobal
